{
  "version": 1,
  "dependencies": {
    "net9.0-windows10.0.26100": {
      "Microsoft.PowerShell.Commands.Utility": {
        "type": "Direct",
        "requested": "[7.5.4, )",
        "resolved": "7.5.4",
        "contentHash": "lvVh2zHEC2EnBImCRpu9b+5qqngE5o76gVI1NzIfReBXNtsym51XmX/kCrN0INm98CN3GoxTBa7WTcTJC1H3dw==",
        "dependencies": {
          "Json.More.Net": "2.0.2",
          "JsonPointer.Net": "5.0.2",
          "JsonSchema.Net": "7.2.3",
          "Markdig.Signed": "0.38.0",
          "Microsoft.CodeAnalysis.Analyzers": "3.11.0",
          "Microsoft.CodeAnalysis.CSharp": "4.11.0",
          "Microsoft.PowerShell.MarkdownRender": "7.2.1",
          "Microsoft.Win32.SystemEvents": "9.0.10",
          "System.Drawing.Common": "9.0.10",
          "System.Management.Automation": "7.5.4",
          "System.Reflection.Metadata": "8.0.1",
          "System.Threading.AccessControl": "9.0.10"
        }
      },
      "System.Management.Automation": {
        "type": "Direct",
        "requested": "[7.5.4, )",
        "resolved": "7.5.4",
        "contentHash": "kHvz4Gc2sQ670KNU+CMsCmoxSM+hO+qW9ujyf3MbBuDImuKeHL8oo2gq4kZpuncO/MSeOTstx3pW8YE6jqIZYA==",
        "dependencies": {
          "Microsoft.ApplicationInsights": "2.22.0",
          "Microsoft.Management.Infrastructure": "3.0.0",
          "Microsoft.PowerShell.CoreCLR.Eventing": "7.5.4",
          "Microsoft.PowerShell.Native": "7.4.0",
          "Microsoft.Security.Extensions": "1.4.0",
          "Microsoft.Win32.Registry.AccessControl": "9.0.10",
          "Newtonsoft.Json": "13.0.4",
          "System.CodeDom": "9.0.10",
          "System.Configuration.ConfigurationManager": "9.0.10",
          "System.Diagnostics.DiagnosticSource": "9.0.10",
          "System.Diagnostics.EventLog": "9.0.10",
          "System.DirectoryServices": "9.0.10",
          "System.Management": "9.0.10",
          "System.Security.AccessControl": "6.0.1",
          "System.Security.Cryptography.Pkcs": "9.0.10",
          "System.Security.Cryptography.ProtectedData": "9.0.10",
          "System.Security.Permissions": "9.0.10",
          "System.Text.Encoding.CodePages": "9.0.10",
          "System.Windows.Extensions": "9.0.10"
        }
      },
      "Humanizer.Core": {
        "type": "Transitive",
        "resolved": "2.14.1",
        "contentHash": "lQKvtaTDOXnoVJ20ibTuSIOf2i0uO0MPbDhd1jm238I+U/2ZnRENj0cktKZhtchBMtCUSRQ5v4xBCUbKNmyVMw=="
      },
      "Json.More.Net": {
        "type": "Transitive",
        "resolved": "2.0.2",
        "contentHash": "izscdjjk8EAHDBCjyz7V7n77SzkrSjh/hUGV6cyR6PlVdjYDh5ohc8yqvwSqJ9+6Uof8W6B24dIHlDKD+I1F8A=="
      },
      "JsonPointer.Net": {
        "type": "Transitive",
        "resolved": "5.0.2",
        "contentHash": "H/OtixKadr+ja1j7Fru3WG56V9zP0AKT1Bd0O7RWN/zH1bl8ZIwW9aCa4+xvzuVvt4SPmrvBu3G6NpAkNOwNAA==",
        "dependencies": {
          "Humanizer.Core": "2.14.1",
          "Json.More.Net": "2.0.1.2"
        }
      },
      "JsonSchema.Net": {
        "type": "Transitive",
        "resolved": "7.2.3",
        "contentHash": "O3KclMcPVFYTZsTeZBpwtKd/lYrNc3AFR+xi9j3Q4CfhDufOUx25TMMWJOcFRrqVklvKQ4Kl+0UhlNX1iDGoRw==",
        "dependencies": {
          "JsonPointer.Net": "5.0.0"
        }
      },
      "Markdig.Signed": {
        "type": "Transitive",
        "resolved": "0.38.0",
        "contentHash": "zfi6kNm5QJnsCGm5a0hMG2qw8juYbOfsS4c1OuTcqkbYQUCdkam6d6Nt7nPIrbV4D+U7sHChidSQlg+ViiMPuw=="
      },
      "Microsoft.ApplicationInsights": {
        "type": "Transitive",
        "resolved": "2.22.0",
        "contentHash": "3AOM9bZtku7RQwHyMEY3tQMrHIgjcfRDa6YQpd/QG2LDGvMydSlL9Di+8LLMt7J2RDdfJ7/2jdYv6yHcMJAnNw==",
        "dependencies": {
          "System.Diagnostics.DiagnosticSource": "5.0.0"
        }
      },
      "Microsoft.CodeAnalysis.Analyzers": {
        "type": "Transitive",
        "resolved": "3.11.0",
        "contentHash": "v/EW3UE8/lbEYHoC2Qq7AR/DnmvpgdtAMndfQNmpuIMx/Mto8L5JnuCfdBYtgvalQOtfNCnxFejxuRrryvUTsg=="
      },
      "Microsoft.CodeAnalysis.Common": {
        "type": "Transitive",
        "resolved": "4.11.0",
        "contentHash": "djf8ujmqYImFgB04UGtcsEhHrzVqzHowS+EEl/Yunc5LdrYrZhGBWUTXoCF0NzYXJxtfuD+UVQarWpvrNc94Qg==",
        "dependencies": {
          "Microsoft.CodeAnalysis.Analyzers": "3.3.4",
          "System.Collections.Immutable": "8.0.0",
          "System.Reflection.Metadata": "8.0.0"
        }
      },
      "Microsoft.CodeAnalysis.CSharp": {
        "type": "Transitive",
        "resolved": "4.11.0",
        "contentHash": "6XYi2EusI8JT4y2l/F3VVVS+ISoIX9nqHsZRaG6W5aFeJ5BEuBosHfT/ABb73FN0RZ1Z3cj2j7cL28SToJPXOw==",
        "dependencies": {
          "Microsoft.CodeAnalysis.Analyzers": "3.3.4",
          "Microsoft.CodeAnalysis.Common": "[4.11.0]",
          "System.Collections.Immutable": "8.0.0",
          "System.Reflection.Metadata": "8.0.0"
        }
      },
      "Microsoft.Management.Infrastructure": {
        "type": "Transitive",
        "resolved": "3.0.0",
        "contentHash": "cGZi0q5IujCTVYKo9h22Pw+UwfZDV82HXO8HTxMG2HqntPlT3Ls8jY6punLp4YzCypJNpfCAu2kae3TIyuAiJw==",
        "dependencies": {
          "Microsoft.Management.Infrastructure.Runtime.Unix": "3.0.0",
          "Microsoft.Management.Infrastructure.Runtime.Win": "3.0.0"
        }
      },
      "Microsoft.Management.Infrastructure.Runtime.Unix": {
        "type": "Transitive",
        "resolved": "3.0.0",
        "contentHash": "QZE3uEDvZ0m7LabQvcmNOYHp7v1QPBVMpB/ild0WEE8zqUVAP5y9rRI5we37ImI1bQmW5pZ+3HNC70POPm0jBQ=="
      },
      "Microsoft.Management.Infrastructure.Runtime.Win": {
        "type": "Transitive",
        "resolved": "3.0.0",
        "contentHash": "uwMyWN33+iQ8Wm/n1yoPXgFoiYNd0HzJyoqSVhaQZyJfaQrJR3udgcIHjqa1qbc3lS6kvfuUMN4TrF4U4refCQ=="
      },
      "Microsoft.PowerShell.CoreCLR.Eventing": {
        "type": "Transitive",
        "resolved": "7.5.4",
        "contentHash": "1xyl5hcWKs5IDFO1ZWXSoVLPN78CJpo6GykVg3F/kNHkldixODi6yz1bbVmyEAMC64AvA3ZKSs/AZaGNoKTI+w==",
        "dependencies": {
          "System.Diagnostics.EventLog": "9.0.10"
        }
      },
      "Microsoft.PowerShell.MarkdownRender": {
        "type": "Transitive",
        "resolved": "7.2.1",
        "contentHash": "o5oUwL23R/KnjQPD2Oi49WAG5j4O4VLo1fPRSyM/aq0HuTrY2RnF4B3MCGk13BfcmK51p9kPlHZ1+8a/ZjO4Jg==",
        "dependencies": {
          "Markdig.Signed": "0.31.0"
        }
      },
      "Microsoft.PowerShell.Native": {
        "type": "Transitive",
        "resolved": "7.4.0",
        "contentHash": "FlaJ3JBWhqFToYT0ycMb/Xxzoof7oTQbNyI4UikgubC7AMWt5ptBNKjIAMPvOcvEHr+ohaO9GvRWp3tiyS3sKw=="
      },
      "Microsoft.Security.Extensions": {
        "type": "Transitive",
        "resolved": "1.4.0",
        "contentHash": "MnHXttc0jHbRrGdTJ+yJBbGDoa4OXhtnKXHQw70foMyAooFtPScZX/dN+Nib47nuglc9Gt29Gfb5Zl+1lAuTeA=="
      },
      "Microsoft.Win32.Registry.AccessControl": {
        "type": "Transitive",
        "resolved": "9.0.10",
        "contentHash": "ZYHfH0wgTa4usqMMetFYezSjfkQaMat83b/Ykz1q4qSx1h/OiXFb8ZSsn3ZKttHcxe1bn5m/+Zjz9deVT45L8w=="
      },
      "Microsoft.Win32.SystemEvents": {
        "type": "Transitive",
        "resolved": "9.0.10",
        "contentHash": "P1CEtsxar/RhfoH3r1vc9ra28LLVYphpcFBxyRIEMM/jP3qh4j9TU4sWH2RUhMZX+GbFxZ+zz1oSP2n9MwjshA=="
      },
      "Newtonsoft.Json": {
        "type": "Transitive",
        "resolved": "13.0.4",
        "contentHash": "pdgNNMai3zv51W5aq268sujXUyx7SNdE2bj1wZcWjAQrKMFZV260lbqYop1d2GM67JI1huLRwxo9ZqnfF/lC6A=="
      },
      "System.CodeDom": {
        "type": "Transitive",
        "resolved": "9.0.10",
        "contentHash": "00dAIR9Zx+F+AaipjaQmudX3VVpzYvT0bKVD3WcJq6om6pKNrldnp5bSR0VV6IlwDBa1HObGD+sTFaT/I9bBng=="
      },
      "System.Collections.Immutable": {
        "type": "Transitive",
        "resolved": "8.0.0",
        "contentHash": "AurL6Y5BA1WotzlEvVaIDpqzpIPvYnnldxru8oXJU2yFxFUy3+pNXjXd1ymO+RA0rq0+590Q8gaz2l3Sr7fmqg=="
      },
      "System.Configuration.ConfigurationManager": {
        "type": "Transitive",
        "resolved": "9.0.10",
        "contentHash": "5CBhl5dWmckKEtvk8F6GXtmHxNBoqAC8xILxIntNm7AzHiXQ09CXSLhncIJ/cQWaiNYzLjHZCgtMfx9tkCKHdA==",
        "dependencies": {
          "System.Diagnostics.EventLog": "9.0.10",
          "System.Security.Cryptography.ProtectedData": "9.0.10"
        }
      },
      "System.Diagnostics.DiagnosticSource": {
        "type": "Transitive",
        "resolved": "9.0.10",
        "contentHash": "uIpKiKp7EWlYZBK71jYP+maGYjDY9YTi/FxBlZoqDzM1ZHZB7gLqUm4jHvRFwaKfR1/Lrt2rQih9LGPIKyNEow=="
      },
      "System.Diagnostics.EventLog": {
        "type": "Transitive",
        "resolved": "9.0.10",
        "contentHash": "Jc+az1pTMujPLDn2j5eqSfzlO7j/T1K/LB7THxdfRWOxujE4zaitUqBs7sv1t6/xmmvpU6Xx3IofCs4owYH0yQ=="
      },
      "System.DirectoryServices": {
        "type": "Transitive",
        "resolved": "9.0.10",
        "contentHash": "dlSYvBLD/XlW2y7hJA+INfcRRtkouFSEcYSVoYmxwfurVdYJ088+PUYf8kgszAp3cThpMPAPVhNHl1lMYrv9kw=="
      },
      "System.Drawing.Common": {
        "type": "Transitive",
        "resolved": "9.0.10",
        "contentHash": "FDakPhIcxHnhslLiz4ZQ+ALpHRpCU3zOep9Mcq+4hL23XwQrzmgJNYvf1tH4kJ/V36wO/ZhRr8nOfiz26P3wKg==",
        "dependencies": {
          "Microsoft.Win32.SystemEvents": "9.0.10"
        }
      },
      "System.Management": {
        "type": "Transitive",
        "resolved": "9.0.10",
        "contentHash": "kJY2C6MjKSqfRkEnc8gn4Jth81Anrgxxpu0MffjEadfpp0Ll/gdGpYnDhRWZd+iFttkfZC0uCjFmCrZARRqq4w==",
        "dependencies": {
          "System.CodeDom": "9.0.10"
        }
      },
      "System.Reflection.Metadata": {
        "type": "Transitive",
        "resolved": "8.0.1",
        "contentHash": "+4sz5vGHPlo+5NpAxf2IlABnqVvOHOxv17b4dONv4hVwyNeFAeBevT14DIn7X3YWQ+eQFYO3YeTBNCleAblOKA=="
      },
      "System.Security.AccessControl": {
        "type": "Transitive",
        "resolved": "6.0.1",
        "contentHash": "IQ4NXP/B3Ayzvw0rDQzVTYsCKyy0Jp9KI6aYcK7UnGVlR9+Awz++TIPCQtPYfLJfOpm8ajowMR09V7quD3sEHw=="
      },
      "System.Security.Cryptography.Pkcs": {
        "type": "Transitive",
        "resolved": "9.0.10",
        "contentHash": "Pg7QZz80fOJZrtJnAdEAIpeor8q7F1ofwXGYgLNr4dR8Mqf2l7lfeTaodQkRetrj+ClQwVVYoyi6g2eOsmstFw=="
      },
      "System.Security.Cryptography.ProtectedData": {
        "type": "Transitive",
        "resolved": "9.0.10",
        "contentHash": "iC0InhfWdk0nHlbcTAAUyWt9X4+CsaZz9elQy0otFcsUkd/Wm+DmEwjqyH9PgFl1XcSowzhv67njCstABTc3Hw=="
      },
      "System.Security.Permissions": {
        "type": "Transitive",
        "resolved": "9.0.10",
        "contentHash": "uqzXSkn2nx9nplIdayurMtbLcQQdOGd7TmIQ+X5P65+QWT2S+1aUZfJuH2f+Blr/4W6wxMkiX9aKzLk7lfMZFQ==",
        "dependencies": {
          "System.Windows.Extensions": "9.0.10"
        }
      },
      "System.Text.Encoding.CodePages": {
        "type": "Transitive",
        "resolved": "9.0.10",
        "contentHash": "UyurlgWm3k3I8LVDmO67GFiu61t4UPzNrTK5fS6K6DADQgIYcFjDnRJWvVls4/R9UjgSL9R+OxJnDXn05fTCCA=="
      },
      "System.Threading.AccessControl": {
        "type": "Transitive",
        "resolved": "9.0.10",
        "contentHash": "eI/pq6KpqMO8TrQPxg6ZRdJvQqB+dw5Uax56UkDE3ZH6x9jQ7VD+ir4JUPD3XtKCUhDjy9FLGWfUAx5Jbz+K1Q=="
      },
      "System.Windows.Extensions": {
        "type": "Transitive",
        "resolved": "9.0.10",
        "contentHash": "6I+OzjcTx2gtZotjDQXEhWdkfPVxRvT9r9nFWsgt9Of6GwLt9szpIlxx0z2dP3dprg6K3zRU/5bbig+zoVKpfg=="
      }
    }
  }
}